// !$*UTF8*$!
{
	archiveVersion = 1;
	classes = {
	};
	objectVersion = 46;
	objects = {

/* Begin PBXBuildFile section */
		F0F1AFDD1F6A82510054340B /* AppDelegate.swift in Sources */ = {isa = PBXBuildFile; fileRef = F0F1AFDC1F6A82510054340B /* AppDelegate.swift */; };
		F0F1AFDF1F6A82510054340B /* ViewController.swift in Sources */ = {isa = PBXBuildFile; fileRef = F0F1AFDE1F6A82510054340B /* ViewController.swift */; };
		F0F1AFE21F6A82510054340B /* Main.storyboard in Resources */ = {isa = PBXBuildFile; fileRef = F0F1AFE01F6A82510054340B /* Main.storyboard */; };
		F0F1AFE41F6A82510054340B /* Assets.xcassets in Resources */ = {isa = PBXBuildFile; fileRef = F0F1AFE31F6A82510054340B /* Assets.xcassets */; };
		F0F1AFE71F6A82510054340B /* LaunchScreen.storyboard in Resources */ = {isa = PBXBuildFile; fileRef = F0F1AFE51F6A82510054340B /* LaunchScreen.storyboard */; };
		F0F1AFF21F6A82520054340B /* JPButtonTests.swift in Sources */ = {isa = PBXBuildFile; fileRef = F0F1AFF11F6A82520054340B /* JPButtonTests.swift */; };
		F0F1AFFD1F6A82520054340B /* JPButtonUITests.swift in Sources */ = {isa = PBXBuildFile; fileRef = F0F1AFFC1F6A82520054340B /* JPButtonUITests.swift */; };
/* End PBXBuildFile section */

/* Begin PBXContainerItemProxy section */
		F0F1AFEE1F6A82520054340B /* PBXContainerItemProxy */ = {
			isa = PBXContainerItemProxy;
			containerPortal = F0F1AFD11F6A82510054340B /* Project object */;
			proxyType = 1;
			remoteGlobalIDString = F0F1AFD81F6A82510054340B;
			remoteInfo = JPButton;
		};
		F0F1AFF91F6A82520054340B /* PBXContainerItemProxy */ = {
			isa = PBXContainerItemProxy;
			containerPortal = F0F1AFD11F6A82510054340B /* Project object */;
			proxyType = 1;
			remoteGlobalIDString = F0F1AFD81F6A82510054340B;
			remoteInfo = JPButton;
		};
/* End PBXContainerItemProxy section */

/* Begin PBXFileReference section */
		F0F1AFD91F6A82510054340B /* JPButton.app */ = {isa = PBXFileReference; explicitFileType = wrapper.application; includeInIndex = 0; path = JPButton.app; sourceTree = BUILT_PRODUCTS_DIR; };
		F0F1AFDC1F6A82510054340B /* AppDelegate.swift */ = {isa = PBXFileReference; lastKnownFileType = sourcecode.swift; path = AppDelegate.swift; sourceTree = "<group>"; };
		F0F1AFDE1F6A82510054340B /* ViewController.swift */ = {isa = PBXFileReference; lastKnownFileType = sourcecode.swift; path = ViewController.swift; sourceTree = "<group>"; };
		F0F1AFE11F6A82510054340B /* Base */ = {isa = PBXFileReference; lastKnownFileType = file.storyboard; name = Base; path = Base.lproj/Main.storyboard; sourceTree = "<group>"; };
		F0F1AFE31F6A82510054340B /* Assets.xcassets */ = {isa = PBXFileReference; lastKnownFileType = folder.assetcatalog; path = Assets.xcassets; sourceTree = "<group>"; };
		F0F1AFE61F6A82510054340B /* Base */ = {isa = PBXFileReference; lastKnownFileType = file.storyboard; name = Base; path = Base.lproj/LaunchScreen.storyboard; sourceTree = "<group>"; };
		F0F1AFE81F6A82510054340B /* Info.plist */ = {isa = PBXFileReference; lastKnownFileType = text.plist.xml; path = Info.plist; sourceTree = "<group>"; };
		F0F1AFED1F6A82520054340B /* JPButtonTests.xctest */ = {isa = PBXFileReference; explicitFileType = wrapper.cfbundle; includeInIndex = 0; path = JPButtonTests.xctest; sourceTree = BUILT_PRODUCTS_DIR; };
		F0F1AFF11F6A82520054340B /* JPButtonTests.swift */ = {isa = PBXFileReference; lastKnownFileType = sourcecode.swift; path = JPButtonTests.swift; sourceTree = "<group>"; };
		F0F1AFF31F6A82520054340B /* Info.plist */ = {isa = PBXFileReference; lastKnownFileType = text.plist.xml; path = Info.plist; sourceTree = "<group>"; };
		F0F1AFF81F6A82520054340B /* JPButtonUITests.xctest */ = {isa = PBXFileReference; explicitFileType = wrapper.cfbundle; includeInIndex = 0; path = JPButtonUITests.xctest; sourceTree = BUILT_PRODUCTS_DIR; };
		F0F1AFFC1F6A82520054340B /* JPButtonUITests.swift */ = {isa = PBXFileReference; lastKnownFileType = sourcecode.swift; path = JPButtonUITests.swift; sourceTree = "<group>"; };
		F0F1AFFE1F6A82520054340B /* Info.plist */ = {isa = PBXFileReference; lastKnownFileType = text.plist.xml; path = Info.plist; sourceTree = "<group>"; };
/* End PBXFileReference section */

/* Begin PBXFrameworksBuildPhase section */
		F0F1AFD61F6A82510054340B /* Frameworks */ = {
			isa = PBXFrameworksBuildPhase;
			buildActionMask = 2147483647;
			files = (
			);
			runOnlyForDeploymentPostprocessing = 0;
		};
		F0F1AFEA1F6A82520054340B /* Frameworks */ = {
			isa = PBXFrameworksBuildPhase;
			buildActionMask = 2147483647;
			files = (
			);
			runOnlyForDeploymentPostprocessing = 0;
		};
		F0F1AFF51F6A82520054340B /* Frameworks */ = {
			isa = PBXFrameworksBuildPhase;
			buildActionMask = 2147483647;
			files = (
			);
			runOnlyForDeploymentPostprocessing = 0;
		};
/* End PBXFrameworksBuildPhase section */

/* Begin PBXGroup section */
		F0F1AFD01F6A82510054340B = {
			isa = PBXGroup;
			children = (
				F0F1AFDB1F6A82510054340B /* JPButton */,
				F0F1AFF01F6A82520054340B /* JPButtonTests */,
				F0F1AFFB1F6A82520054340B /* JPButtonUITests */,
				F0F1AFDA1F6A82510054340B /* Products */,
			);
			sourceTree = "<group>";
		};
		F0F1AFDA1F6A82510054340B /* Products */ = {
			isa = PBXGroup;
			children = (
				F0F1AFD91F6A82510054340B /* JPButton.app */,
				F0F1AFED1F6A82520054340B /* JPButtonTests.xctest */,
				F0F1AFF81F6A82520054340B /* JPButtonUITests.xctest */,
			);
			name = Products;
			sourceTree = "<group>";
		};
		F0F1AFDB1F6A82510054340B /* JPButton */ = {
			isa = PBXGroup;
			children = (
				F0F1AFDC1F6A82510054340B /* AppDelegate.swift */,
				F0F1AFDE1F6A82510054340B /* ViewController.swift */,
				F0F1AFE01F6A82510054340B /* Main.storyboard */,
				F0F1AFE31F6A82510054340B /* Assets.xcassets */,
				F0F1AFE51F6A82510054340B /* LaunchScreen.storyboard */,
				F0F1AFE81F6A82510054340B /* Info.plist */,
			);
			path = JPButton;
			sourceTree = "<group>";
		};
		F0F1AFF01F6A82520054340B /* JPButtonTests */ = {
			isa = PBXGroup;
			children = (
				F0F1AFF11F6A82520054340B /* JPButtonTests.swift */,
				F0F1AFF31F6A82520054340B /* Info.plist */,
			);
			path = JPButtonTests;
			sourceTree = "<group>";
		};
		F0F1AFFB1F6A82520054340B /* JPButtonUITests */ = {
			isa = PBXGroup;
			children = (
				F0F1AFFC1F6A82520054340B /* JPButtonUITests.swift */,
				F0F1AFFE1F6A82520054340B /* Info.plist */,
			);
			path = JPButtonUITests;
			sourceTree = "<group>";
		};
/* End PBXGroup section */

/* Begin PBXNativeTarget section */
		F0F1AFD81F6A82510054340B /* JPButton */ = {
			isa = PBXNativeTarget;
			buildConfigurationList = F0F1B0011F6A82520054340B /* Build configuration list for PBXNativeTarget "JPButton" */;
			buildPhases = (
				F0F1AFD51F6A82510054340B /* Sources */,
				F0F1AFD61F6A82510054340B /* Frameworks */,
				F0F1AFD71F6A82510054340B /* Resources */,
			);
			buildRules = (
			);
			dependencies = (
			);
			name = JPButton;
			productName = JPButton;
			productReference = F0F1AFD91F6A82510054340B /* JPButton.app */;
			productType = "com.apple.product-type.application";
		};
		F0F1AFEC1F6A82520054340B /* JPButtonTests */ = {
			isa = PBXNativeTarget;
			buildConfigurationList = F0F1B0041F6A82520054340B /* Build configuration list for PBXNativeTarget "JPButtonTests" */;
			buildPhases = (
				F0F1AFE91F6A82520054340B /* Sources */,
				F0F1AFEA1F6A82520054340B /* Frameworks */,
				F0F1AFEB1F6A82520054340B /* Resources */,
			);
			buildRules = (
			);
			dependencies = (
				F0F1AFEF1F6A82520054340B /* PBXTargetDependency */,
			);
			name = JPButtonTests;
			productName = JPButtonTests;
			productReference = F0F1AFED1F6A82520054340B /* JPButtonTests.xctest */;
			productType = "com.apple.product-type.bundle.unit-test";
		};
		F0F1AFF71F6A82520054340B /* JPButtonUITests */ = {
			isa = PBXNativeTarget;
			buildConfigurationList = F0F1B0071F6A82520054340B /* Build configuration list for PBXNativeTarget "JPButtonUITests" */;
			buildPhases = (
				F0F1AFF41F6A82520054340B /* Sources */,
				F0F1AFF51F6A82520054340B /* Frameworks */,
				F0F1AFF61F6A82520054340B /* Resources */,
			);
			buildRules = (
			);
			dependencies = (
				F0F1AFFA1F6A82520054340B /* PBXTargetDependency */,
			);
			name = JPButtonUITests;
			productName = JPButtonUITests;
			productReference = F0F1AFF81F6A82520054340B /* JPButtonUITests.xctest */;
			productType = "com.apple.product-type.bundle.ui-testing";
		};
/* End PBXNativeTarget section */

/* Begin PBXProject section */
		F0F1AFD11F6A82510054340B /* Project object */ = {
			isa = PBXProject;
			attributes = {
				LastSwiftUpdateCheck = 0830;
				LastUpgradeCheck = 0830;
				ORGANIZATIONNAME = BitForest;
				TargetAttributes = {
					F0F1AFD81F6A82510054340B = {
						CreatedOnToolsVersion = 8.3.3;
						DevelopmentTeam = D22A3547P4;
						ProvisioningStyle = Automatic;
					};
					F0F1AFEC1F6A82520054340B = {
						CreatedOnToolsVersion = 8.3.3;
						DevelopmentTeam = D22A3547P4;
						ProvisioningStyle = Automatic;
						TestTargetID = F0F1AFD81F6A82510054340B;
					};
					F0F1AFF71F6A82520054340B = {
						CreatedOnToolsVersion = 8.3.3;
						DevelopmentTeam = D22A3547P4;
						ProvisioningStyle = Automatic;
						TestTargetID = F0F1AFD81F6A82510054340B;
					};
				};
			};
			buildConfigurationList = F0F1AFD41F6A82510054340B /* Build configuration list for PBXProject "JPButton" */;
			compatibilityVersion = "Xcode 3.2";
			developmentRegion = English;
			hasScannedForEncodings = 0;
			knownRegions = (
				en,
				Base,
			);
			mainGroup = F0F1AFD01F6A82510054340B;
			productRefGroup = F0F1AFDA1F6A82510054340B /* Products */;
			projectDirPath = "";
			projectRoot = "";
			targets = (
				F0F1AFD81F6A82510054340B /* JPButton */,
				F0F1AFEC1F6A82520054340B /* JPButtonTests */,
				F0F1AFF71F6A82520054340B /* JPButtonUITests */,
			);
		};
/* End PBXProject section */

/* Begin PBXResourcesBuildPhase section */
		F0F1AFD71F6A82510054340B /* Resources */ = {
			isa = PBXResourcesBuildPhase;
			buildActionMask = 2147483647;
			files = (
				F0F1AFE71F6A82510054340B /* LaunchScreen.storyboard in Resources */,
				F0F1AFE41F6A82510054340B /* Assets.xcassets in Resources */,
				F0F1AFE21F6A82510054340B /* Main.storyboard in Resources */,
			);
			runOnlyForDeploymentPostprocessing = 0;
		};
		F0F1AFEB1F6A82520054340B /* Resources */ = {
			isa = PBXResourcesBuildPhase;
			buildActionMask = 2147483647;
			files = (
			);
			runOnlyForDeploymentPostprocessing = 0;
		};
		F0F1AFF61F6A82520054340B /* Resources */ = {
			isa = PBXResourcesBuildPhase;
			buildActionMask = 2147483647;
			files = (
			);
			runOnlyForDeploymentPostprocessing = 0;
		};
/* End PBXResourcesBuildPhase section */

/* Begin PBXSourcesBuildPhase section */
		F0F1AFD51F6A82510054340B /* Sources */ = {
			isa = PBXSourcesBuildPhase;
			buildActionMask = 2147483647;
			files = (
				F0F1AFDF1F6A82510054340B /* ViewController.swift in Sources */,
				F0F1AFDD1F6A82510054340B /* AppDelegate.swift in Sources */,
			);
			runOnlyForDeploymentPostprocessing = 0;
		};
		F0F1AFE91F6A82520054340B /* Sources */ = {
			isa = PBXSourcesBuildPhase;
			buildActionMask = 2147483647;
			files = (
				F0F1AFF21F6A82520054340B /* JPButtonTests.swift in Sources */,
			);
			runOnlyForDeploymentPostprocessing = 0;
		};
		F0F1AFF41F6A82520054340B /* Sources */ = {
			isa = PBXSourcesBuildPhase;
			buildActionMask = 2147483647;
			files = (
				F0F1AFFD1F6A82520054340B /* JPButtonUITests.swift in Sources */,
			);
			runOnlyForDeploymentPostprocessing = 0;
		};
/* End PBXSourcesBuildPhase section */

/* Begin PBXTargetDependency section */
		F0F1AFEF1F6A82520054340B /* PBXTargetDependency */ = {
			isa = PBXTargetDependency;
			target = F0F1AFD81F6A82510054340B /* JPButton */;
			targetProxy = F0F1AFEE1F6A82520054340B /* PBXContainerItemProxy */;
		};
		F0F1AFFA1F6A82520054340B /* PBXTargetDependency */ = {
			isa = PBXTargetDependency;
			target = F0F1AFD81F6A82510054340B /* JPButton */;
			targetProxy = F0F1AFF91F6A82520054340B /* PBXContainerItemProxy */;
		};
/* End PBXTargetDependency section */

/* Begin PBXVariantGroup section */
		F0F1AFE01F6A82510054340B /* Main.storyboard */ = {
			isa = PBXVariantGroup;
			children = (
				F0F1AFE11F6A82510054340B /* Base */,
			);
			name = Main.storyboard;
			sourceTree = "<group>";
		};
		F0F1AFE51F6A82510054340B /* LaunchScreen.storyboard */ = {
			isa = PBXVariantGroup;
			children = (
				F0F1AFE61F6A82510054340B /* Base */,
			);
			name = LaunchScreen.storyboard;
			sourceTree = "<group>";
		};
/* End PBXVariantGroup section */

/* Begin XCBuildConfiguration section */
		F0F1AFFF1F6A82520054340B /* Debug */ = {
			isa = XCBuildConfiguration;
			buildSettings = {
				ALWAYS_SEARCH_USER_PATHS = NO;
				CLANG_ANALYZER_NONNULL = YES;
				CLANG_ANALYZER_NUMBER_OBJECT_CONVERSION = YES_AGGRESSIVE;
				CLANG_CXX_LANGUAGE_STANDARD = "gnu++0x";
				CLANG_CXX_LIBRARY = "libc++";
				CLANG_ENABLE_MODULES = YES;
				CLANG_ENABLE_OBJC_ARC = YES;
				CLANG_WARN_BOOL_CONVERSION = YES;
				CLANG_WARN_CONSTANT_CONVERSION = YES;
				CLANG_WARN_DIRECT_OBJC_ISA_USAGE = YES_ERROR;
				CLANG_WARN_DOCUMENTATION_COMMENTS = YES;
				CLANG_WARN_EMPTY_BODY = YES;
				CLANG_WARN_ENUM_CONVERSION = YES;
				CLANG_WARN_INFINITE_RECURSION = YES;
				CLANG_WARN_INT_CONVERSION = YES;
				CLANG_WARN_OBJC_ROOT_CLASS = YES_ERROR;
				CLANG_WARN_SUSPICIOUS_MOVE = YES;
				CLANG_WARN_UNREACHABLE_CODE = YES;
				CLANG_WARN__DUPLICATE_METHOD_MATCH = YES;
				"CODE_SIGN_IDENTITY[sdk=iphoneos*]" = "iPhone Developer";
				COPY_PHASE_STRIP = NO;
				DEBUG_INFORMATION_FORMAT = dwarf;
				ENABLE_STRICT_OBJC_MSGSEND = YES;
				ENABLE_TESTABILITY = YES;
				GCC_C_LANGUAGE_STANDARD = gnu99;
				GCC_DYNAMIC_NO_PIC = NO;
				GCC_NO_COMMON_BLOCKS = YES;
				GCC_OPTIMIZATION_LEVEL = 0;
				GCC_PREPROCESSOR_DEFINITIONS = (
					"DEBUG=1",
					"$(inherited)",
				);
				GCC_WARN_64_TO_32_BIT_CONVERSION = YES;
				GCC_WARN_ABOUT_RETURN_TYPE = YES_ERROR;
				GCC_WARN_UNDECLARED_SELECTOR = YES;
				GCC_WARN_UNINITIALIZED_AUTOS = YES_AGGRESSIVE;
				GCC_WARN_UNUSED_FUNCTION = YES;
				GCC_WARN_UNUSED_VARIABLE = YES;
				IPHONEOS_DEPLOYMENT_TARGET = 10.3;
				MTL_ENABLE_DEBUG_INFO = YES;
				ONLY_ACTIVE_ARCH = YES;
				SDKROOT = iphoneos;
				SWIFT_ACTIVE_COMPILATION_CONDITIONS = DEBUG;
				SWIFT_OPTIMIZATION_LEVEL = "-Onone";
			};
			name = Debug;
		};
		F0F1B0001F6A82520054340B /* Release */ = {
			isa = XCBuildConfiguration;
			buildSettings = {
				ALWAYS_SEARCH_USER_PATHS = NO;
				CLANG_ANALYZER_NONNULL = YES;
				CLANG_ANALYZER_NUMBER_OBJECT_CONVERSION = YES_AGGRESSIVE;
				CLANG_CXX_LANGUAGE_STANDARD = "gnu++0x";
				CLANG_CXX_LIBRARY = "libc++";
				CLANG_ENABLE_MODULES = YES;
				CLANG_ENABLE_OBJC_ARC = YES;
				CLANG_WARN_BOOL_CONVERSION = YES;
				CLANG_WARN_CONSTANT_CONVERSION = YES;
				CLANG_WARN_DIRECT_OBJC_ISA_USAGE = YES_ERROR;
				CLANG_WARN_DOCUMENTATION_COMMENTS = YES;
				CLANG_WARN_EMPTY_BODY = YES;
				CLANG_WARN_ENUM_CONVERSION = YES;
				CLANG_WARN_INFINITE_RECURSION = YES;
				CLANG_WARN_INT_CONVERSION = YES;
				CLANG_WARN_OBJC_ROOT_CLASS = YES_ERROR;
				CLANG_WARN_SUSPICIOUS_MOVE = YES;
				CLANG_WARN_UNREACHABLE_CODE = YES;
				CLANG_WARN__DUPLICATE_METHOD_MATCH = YES;
				"CODE_SIGN_IDENTITY[sdk=iphoneos*]" = "iPhone Developer";
				COPY_PHASE_STRIP = NO;
				DEBUG_INFORMATION_FORMAT = "dwarf-with-dsym";
				ENABLE_NS_ASSERTIONS = NO;
				ENABLE_STRICT_OBJC_MSGSEND = YES;
				GCC_C_LANGUAGE_STANDARD = gnu99;
				GCC_NO_COMMON_BLOCKS = YES;
				GCC_WARN_64_TO_32_BIT_CONVERSION = YES;
				GCC_WARN_ABOUT_RETURN_TYPE = YES_ERROR;
				GCC_WARN_UNDECLARED_SELECTOR = YES;
				GCC_WARN_UNINITIALIZED_AUTOS = YES_AGGRESSIVE;
				GCC_WARN_UNUSED_FUNCTION = YES;
				GCC_WARN_UNUSED_VARIABLE = YES;
				IPHONEOS_DEPLOYMENT_TARGET = 10.3;
				MTL_ENABLE_DEBUG_INFO = NO;
				SDKROOT = iphoneos;
				SWIFT_OPTIMIZATION_LEVEL = "-Owholemodule";
				VALIDATE_PRODUCT = YES;
			};
			name = Release;
		};
		F0F1B0021F6A82520054340B /* Debug */ = {
			isa = XCBuildConfiguration;
			buildSettings = {
				ASSETCATALOG_COMPILER_APPICON_NAME = AppIcon;
				DEVELOPMENT_TEAM = D22A3547P4;
				INFOPLIST_FILE = JPButton/Info.plist;
				LD_RUNPATH_SEARCH_PATHS = "$(inherited) @executable_path/Frameworks";
				PRODUCT_BUNDLE_IDENTIFIER = eu.bitforest.JPButton;
				PRODUCT_NAME = "$(TARGET_NAME)";
				SWIFT_VERSION = 3.0;
			};
			name = Debug;
		};
		F0F1B0031F6A82520054340B /* Release */ = {
			isa = XCBuildConfiguration;
			buildSettings = {
				ASSETCATALOG_COMPILER_APPICON_NAME = AppIcon;
				DEVELOPMENT_TEAM = D22A3547P4;
				INFOPLIST_FILE = JPButton/Info.plist;
				LD_RUNPATH_SEARCH_PATHS = "$(inherited) @executable_path/Frameworks";
				PRODUCT_BUNDLE_IDENTIFIER = eu.bitforest.JPButton;
				PRODUCT_NAME = "$(TARGET_NAME)";
				SWIFT_VERSION = 3.0;
			};
			name = Release;
		};
		F0F1B0051F6A82520054340B /* Debug */ = {
			isa = XCBuildConfiguration;
			buildSettings = {
				ALWAYS_EMBED_SWIFT_STANDARD_LIBRARIES = YES;
				BUNDLE_LOADER = "$(TEST_HOST)";
				DEVELOPMENT_TEAM = D22A3547P4;
				INFOPLIST_FILE = JPButtonTests/Info.plist;
				LD_RUNPATH_SEARCH_PATHS = "$(inherited) @executable_path/Frameworks @loader_path/Frameworks";
				PRODUCT_BUNDLE_IDENTIFIER = eu.bitforest.JPButtonTests;
				PRODUCT_NAME = "$(TARGET_NAME)";
				SWIFT_VERSION = 3.0;
				TEST_HOST = "$(BUILT_PRODUCTS_DIR)/JPButton.app/JPButton";
			};
			name = Debug;
		};
		F0F1B0061F6A82520054340B /* Release */ = {
			isa = XCBuildConfiguration;
			buildSettings = {
				ALWAYS_EMBED_SWIFT_STANDARD_LIBRARIES = YES;
				BUNDLE_LOADER = "$(TEST_HOST)";
				DEVELOPMENT_TEAM = D22A3547P4;
				INFOPLIST_FILE = JPButtonTests/Info.plist;
				LD_RUNPATH_SEARCH_PATHS = "$(inherited) @executable_path/Frameworks @loader_path/Frameworks";
				PRODUCT_BUNDLE_IDENTIFIER = eu.bitforest.JPButtonTests;
				PRODUCT_NAME = "$(TARGET_NAME)";
				SWIFT_VERSION = 3.0;
				TEST_HOST = "$(BUILT_PRODUCTS_DIR)/JPButton.app/JPButton";
			};
			name = Release;
		};
		F0F1B0081F6A82520054340B /* Debug */ = {
			isa = XCBuildConfiguration;
			buildSettings = {
				ALWAYS_EMBED_SWIFT_STANDARD_LIBRARIES = YES;
				DEVELOPMENT_TEAM = D22A3547P4;
				INFOPLIST_FILE = JPButtonUITests/Info.plist;
				LD_RUNPATH_SEARCH_PATHS = "$(inherited) @executable_path/Frameworks @loader_path/Frameworks";
				PRODUCT_BUNDLE_IDENTIFIER = eu.bitforest.JPButtonUITests;
				PRODUCT_NAME = "$(TARGET_NAME)";
				SWIFT_VERSION = 3.0;
				TEST_TARGET_NAME = JPButton;
			};
			name = Debug;
		};
		F0F1B0091F6A82520054340B /* Release */ = {
			isa = XCBuildConfiguration;
			buildSettings = {
				ALWAYS_EMBED_SWIFT_STANDARD_LIBRARIES = YES;
				DEVELOPMENT_TEAM = D22A3547P4;
				INFOPLIST_FILE = JPButtonUITests/Info.plist;
				LD_RUNPATH_SEARCH_PATHS = "$(inherited) @executable_path/Frameworks @loader_path/Frameworks";
				PRODUCT_BUNDLE_IDENTIFIER = eu.bitforest.JPButtonUITests;
				PRODUCT_NAME = "$(TARGET_NAME)";
				SWIFT_VERSION = 3.0;
				TEST_TARGET_NAME = JPButton;
			};
			name = Release;
		};
/* End XCBuildConfiguration section */

/* Begin XCConfigurationList section */
		F0F1AFD41F6A82510054340B /* Build configuration list for PBXProject "JPButton" */ = {
			isa = XCConfigurationList;
			buildConfigurations = (
				F0F1AFFF1F6A82520054340B /* Debug */,
				F0F1B0001F6A82520054340B /* Release */,
			);
			defaultConfigurationIsVisible = 0;
			defaultConfigurationName = Release;
		};
		F0F1B0011F6A82520054340B /* Build configuration list for PBXNativeTarget "JPButton" */ = {
			isa = XCConfigurationList;
			buildConfigurations = (
				F0F1B0021F6A82520054340B /* Debug */,
				F0F1B0031F6A82520054340B /* Release */,
			);
			defaultConfigurationIsVisible = 0;
		};
		F0F1B0041F6A82520054340B /* Build configuration list for PBXNativeTarget "JPButtonTests" */ = {
			isa = XCConfigurationList;
			buildConfigurations = (
				F0F1B0051F6A82520054340B /* Debug */,
				F0F1B0061F6A82520054340B /* Release */,
			);
			defaultConfigurationIsVisible = 0;
		};
		F0F1B0071F6A82520054340B /* Build configuration list for PBXNativeTarget "JPButtonUITests" */ = {
			isa = XCConfigurationList;
			buildConfigurations = (
				F0F1B0081F6A82520054340B /* Debug */,
				F0F1B0091F6A82520054340B /* Release */,
			);
			defaultConfigurationIsVisible = 0;
		};
/* End XCConfigurationList section */
	};
	rootObject = F0F1AFD11F6A82510054340B /* Project object */;
}
